github.com/KronosWasTaken/rardecode/v2 v2.4.2 h1:yZNCMWYRMXjnsKu4RaFeTwSq9p64h1NDcJ6qDm3f+Z0=
github.com/KronosWasTaken/rardecode/v2 v2.4.2/go.mod h1:lljWsLbN6FsYlQh5lfjIM6qn7IuARsic2ruekj7mSTU=
github.com/klauspost/compress v1.20.0 h1:a3C1ke2ohxFymNlb2HWAHjDeKCI90scRskErZkR0ezA=
github.com/klauspost/compress v1.20.0/go.mod h1:LUdAzn7YLVvxLpc7y3V1m40wESHTgc1422pwwBSKYuI=
